
Microsoft Visual Studio Solution File, Format Version 12.00
# Visual Studio Version 17
VisualStudioVersion = 17.14.36109.1 d17.14
MinimumVisualStudioVersion = 10.0.40219.1
Project("{FAE04EC0-301F-11D3-BF4B-00C04F79EFBC}") = "Task", "Task.csproj", "{582D38DB-464E-43E0-8767-11879C9B90BE}"
EndProject
Global
	GlobalSection(SolutionConfigurationPlatforms) = preSolution
		Debug|Any CPU = Debug|Any CPU
		Release|Any CPU = Release|Any CPU
	EndGlobalSection
	GlobalSection(ProjectConfigurationPlatforms) = postSolution
		{582D38DB-464E-43E0-8767-11879C9B90BE}.Debug|Any CPU.ActiveCfg = Debug|Any CPU
		{582D38DB-464E-43E0-8767-11879C9B90BE}.Debug|Any CPU.Build.0 = Debug|Any CPU
		{582D38DB-464E-43E0-8767-11879C9B90BE}.Release|Any CPU.ActiveCfg = Release|Any CPU
		{582D38DB-464E-43E0-8767-11879C9B90BE}.Release|Any CPU.Build.0 = Release|Any CPU
	EndGlobalSection
	GlobalSection(SolutionProperties) = preSolution
		HideSolutionNode = FALSE
	EndGlobalSection
	GlobalSection(ExtensibilityGlobals) = postSolution
		SolutionGuid = {C6D9FC14-3496-4F52-A238-BB8B1A8CCD79}
	EndGlobalSection
EndGlobal
